// !$*UTF8*$!
{
	archiveVersion = 1;
	classes = {
	};
	objectVersion = 51;
	objects = {

/* Begin PBXBuildFile section */
		03D1F536C9FBF9D91652EE9A /* DateTimeTests.swift in Sources */ = {isa = PBXBuildFile; fileRef = 6FA0480CE6804CF1EC4B6B82 /* DateTimeTests.swift */; };
		1DB4D208B8A2AEABEBB4F024 /* LocalDateTests.swift in Sources */ = {isa = PBXBuildFile; fileRef = 8C1812BD31365DEA68B5AC6B /* LocalDateTests.swift */; };
		3F8ED06DFC18BDF20773E512 /* NetTime.framework in Frameworks */ = {isa = PBXBuildFile; fileRef = 7DCEA71AE80D99965EACB546 /* NetTime.framework */; };
		46F2E2CF9994A1C9E5D94D7F /* DateTimeRepresentable.swift in Sources */ = {isa = PBXBuildFile; fileRef = A10E7E5C3D9FE1110B8D16DE /* DateTimeRepresentable.swift */; };
		6BA91080EF06B3820B0AA467 /* LocalDate.swift in Sources */ = {isa = PBXBuildFile; fileRef = FD5B061AFA0B5A1010A0ED27 /* LocalDate.swift */; };
		7F744F38BCD4FE007485C6E1 /* NetTime.framework in Embed Frameworks */ = {isa = PBXBuildFile; fileRef = 7DCEA71AE80D99965EACB546 /* NetTime.framework */; settings = {ATTRIBUTES = (CodeSignOnCopy, RemoveHeadersOnCopy, ); }; };
		8247E2C8ECB85072DF317ACF /* DateTime.swift in Sources */ = {isa = PBXBuildFile; fileRef = DF6AF4D83663E1A093DBF20A /* DateTime.swift */; };
		90B5748050E1A8A287530A7A /* LocalTimeTests.swift in Sources */ = {isa = PBXBuildFile; fileRef = F8204920286950E0B856B1BF /* LocalTimeTests.swift */; };
		935C5EA5738E6241AB27B33F /* TimeOffset.swift in Sources */ = {isa = PBXBuildFile; fileRef = B06D10F722CD730357E987F6 /* TimeOffset.swift */; };
		93DAE42F4C8B38AF091873EA /* LocalDateTime.swift in Sources */ = {isa = PBXBuildFile; fileRef = 2E0B614255A97E85C2ED8F06 /* LocalDateTime.swift */; };
		A0671CBCF20D4170D5003AC5 /* constants.swift in Sources */ = {isa = PBXBuildFile; fileRef = D2FEBCC084743214E58E1052 /* constants.swift */; };
		B022547B10F72971834E5E73 /* LocalTime.swift in Sources */ = {isa = PBXBuildFile; fileRef = 6B3B27206A37B457D9F9A240 /* LocalTime.swift */; };
		C20A5D7A9976709CE07C4260 /* LocalDateTimeTests.swift in Sources */ = {isa = PBXBuildFile; fileRef = 8C8AE4943EDF9470C6758A28 /* LocalDateTimeTests.swift */; };
		C2CC7AD88325073ECD6C83A9 /* XCTestManifests.swift in Sources */ = {isa = PBXBuildFile; fileRef = D41A447765EEE709EF1C92A0 /* XCTestManifests.swift */; };
		C72DEE2AD0BEE1BA5EFECE90 /* TimeOffsetTests.swift in Sources */ = {isa = PBXBuildFile; fileRef = 533506993062CCED0489A0EC /* TimeOffsetTests.swift */; };
/* End PBXBuildFile section */

/* Begin PBXContainerItemProxy section */
		1203A929F61FEB1932E47EE9 /* PBXContainerItemProxy */ = {
			isa = PBXContainerItemProxy;
			containerPortal = FEBC145BC96DDE9D926EE93A /* Project object */;
			proxyType = 1;
			remoteGlobalIDString = 61771B2272A3A6E32B3FDD27;
			remoteInfo = NetTime;
		};
/* End PBXContainerItemProxy section */

/* Begin PBXCopyFilesBuildPhase section */
		3EA1F7AFE586851949582B69 /* Embed Frameworks */ = {
			isa = PBXCopyFilesBuildPhase;
			buildActionMask = 2147483647;
			dstPath = "";
			dstSubfolderSpec = 10;
			files = (
				7F744F38BCD4FE007485C6E1 /* NetTime.framework in Embed Frameworks */,
			);
			name = "Embed Frameworks";
			runOnlyForDeploymentPostprocessing = 0;
		};
/* End PBXCopyFilesBuildPhase section */

/* Begin PBXFileReference section */
		08D03D9D5737FA7C63FFED7B /* NetTimeTests.xctest */ = {isa = PBXFileReference; explicitFileType = wrapper.cfbundle; includeInIndex = 0; path = NetTimeTests.xctest; sourceTree = BUILT_PRODUCTS_DIR; };
		2E0B614255A97E85C2ED8F06 /* LocalDateTime.swift */ = {isa = PBXFileReference; lastKnownFileType = sourcecode.swift; path = LocalDateTime.swift; sourceTree = "<group>"; };
		479F226F01106ECC54C1DC45 /* NetTime_Release.xcconfig */ = {isa = PBXFileReference; lastKnownFileType = text.xcconfig; path = NetTime_Release.xcconfig; sourceTree = "<group>"; };
		533506993062CCED0489A0EC /* TimeOffsetTests.swift */ = {isa = PBXFileReference; lastKnownFileType = sourcecode.swift; path = TimeOffsetTests.swift; sourceTree = "<group>"; };
		618401553AD5DAFDC2A5BB76 /* NetTime_Debug.xcconfig */ = {isa = PBXFileReference; lastKnownFileType = text.xcconfig; path = NetTime_Debug.xcconfig; sourceTree = "<group>"; };
		6B3B27206A37B457D9F9A240 /* LocalTime.swift */ = {isa = PBXFileReference; lastKnownFileType = sourcecode.swift; path = LocalTime.swift; sourceTree = "<group>"; };
		6FA0480CE6804CF1EC4B6B82 /* DateTimeTests.swift */ = {isa = PBXFileReference; lastKnownFileType = sourcecode.swift; path = DateTimeTests.swift; sourceTree = "<group>"; };
		7DCEA71AE80D99965EACB546 /* NetTime.framework */ = {isa = PBXFileReference; explicitFileType = wrapper.framework; includeInIndex = 0; path = NetTime.framework; sourceTree = BUILT_PRODUCTS_DIR; };
		8C1812BD31365DEA68B5AC6B /* LocalDateTests.swift */ = {isa = PBXFileReference; lastKnownFileType = sourcecode.swift; path = LocalDateTests.swift; sourceTree = "<group>"; };
		8C8AE4943EDF9470C6758A28 /* LocalDateTimeTests.swift */ = {isa = PBXFileReference; lastKnownFileType = sourcecode.swift; path = LocalDateTimeTests.swift; sourceTree = "<group>"; };
		A10E7E5C3D9FE1110B8D16DE /* DateTimeRepresentable.swift */ = {isa = PBXFileReference; lastKnownFileType = sourcecode.swift; path = DateTimeRepresentable.swift; sourceTree = "<group>"; };
		B06D10F722CD730357E987F6 /* TimeOffset.swift */ = {isa = PBXFileReference; lastKnownFileType = sourcecode.swift; path = TimeOffset.swift; sourceTree = "<group>"; };
		D2FEBCC084743214E58E1052 /* constants.swift */ = {isa = PBXFileReference; lastKnownFileType = sourcecode.swift; path = constants.swift; sourceTree = "<group>"; };
		D41A447765EEE709EF1C92A0 /* XCTestManifests.swift */ = {isa = PBXFileReference; lastKnownFileType = sourcecode.swift; path = XCTestManifests.swift; sourceTree = "<group>"; };
		DF6AF4D83663E1A093DBF20A /* DateTime.swift */ = {isa = PBXFileReference; lastKnownFileType = sourcecode.swift; path = DateTime.swift; sourceTree = "<group>"; };
		E8DF644DAED5BEDC68FA160E /* UniversalFramework_Test.xcconfig */ = {isa = PBXFileReference; lastKnownFileType = text.xcconfig; path = UniversalFramework_Test.xcconfig; sourceTree = "<group>"; };
		F8204920286950E0B856B1BF /* LocalTimeTests.swift */ = {isa = PBXFileReference; lastKnownFileType = sourcecode.swift; path = LocalTimeTests.swift; sourceTree = "<group>"; };
		FD5B061AFA0B5A1010A0ED27 /* LocalDate.swift */ = {isa = PBXFileReference; lastKnownFileType = sourcecode.swift; path = LocalDate.swift; sourceTree = "<group>"; };
/* End PBXFileReference section */

/* Begin PBXFrameworksBuildPhase section */
		8639002DC0A121902DA1CB08 /* Frameworks */ = {
			isa = PBXFrameworksBuildPhase;
			buildActionMask = 2147483647;
			files = (
				3F8ED06DFC18BDF20773E512 /* NetTime.framework in Frameworks */,
			);
			runOnlyForDeploymentPostprocessing = 0;
		};
/* End PBXFrameworksBuildPhase section */

/* Begin PBXGroup section */
		5EF08A55C31BBF2F0431B090 /* Products */ = {
			isa = PBXGroup;
			children = (
				7DCEA71AE80D99965EACB546 /* NetTime.framework */,
				08D03D9D5737FA7C63FFED7B /* NetTimeTests.xctest */,
			);
			name = Products;
			sourceTree = "<group>";
		};
		935C7B20FF8B5DB23D493241 /* NetTimeTests */ = {
			isa = PBXGroup;
			children = (
				6FA0480CE6804CF1EC4B6B82 /* DateTimeTests.swift */,
				8C1812BD31365DEA68B5AC6B /* LocalDateTests.swift */,
				8C8AE4943EDF9470C6758A28 /* LocalDateTimeTests.swift */,
				F8204920286950E0B856B1BF /* LocalTimeTests.swift */,
				533506993062CCED0489A0EC /* TimeOffsetTests.swift */,
				D41A447765EEE709EF1C92A0 /* XCTestManifests.swift */,
			);
			name = NetTimeTests;
			path = Tests/NetTimeTests;
			sourceTree = "<group>";
		};
		A8A678A497485FCE5106EEB7 /* NetTime */ = {
			isa = PBXGroup;
			children = (
				D2FEBCC084743214E58E1052 /* constants.swift */,
				DF6AF4D83663E1A093DBF20A /* DateTime.swift */,
				A10E7E5C3D9FE1110B8D16DE /* DateTimeRepresentable.swift */,
				FD5B061AFA0B5A1010A0ED27 /* LocalDate.swift */,
				2E0B614255A97E85C2ED8F06 /* LocalDateTime.swift */,
				6B3B27206A37B457D9F9A240 /* LocalTime.swift */,
				B06D10F722CD730357E987F6 /* TimeOffset.swift */,
			);
			name = NetTime;
			path = Sources/NetTime;
			sourceTree = "<group>";
		};
		AA70379C4A6008DF9B1E2BAA /* xcconfigs */ = {
			isa = PBXGroup;
			children = (
				618401553AD5DAFDC2A5BB76 /* NetTime_Debug.xcconfig */,
				479F226F01106ECC54C1DC45 /* NetTime_Release.xcconfig */,
				E8DF644DAED5BEDC68FA160E /* UniversalFramework_Test.xcconfig */,
			);
			name = xcconfigs;
			path = Resources/xcconfigs;
			sourceTree = "<group>";
		};
		C190CCAA7C4C6623A2E22114 = {
			isa = PBXGroup;
			children = (
				A8A678A497485FCE5106EEB7 /* NetTime */,
				935C7B20FF8B5DB23D493241 /* NetTimeTests */,
				AA70379C4A6008DF9B1E2BAA /* xcconfigs */,
				5EF08A55C31BBF2F0431B090 /* Products */,
			);
			sourceTree = "<group>";
		};
/* End PBXGroup section */

/* Begin PBXNativeTarget section */
		61771B2272A3A6E32B3FDD27 /* NetTime */ = {
			isa = PBXNativeTarget;
			buildConfigurationList = 094FC29346B1B9E60B70EBB5 /* Build configuration list for PBXNativeTarget "NetTime" */;
			buildPhases = (
				0CE76F98B024C2D0887F3B4F /* Sources */,
			);
			buildRules = (
			);
			dependencies = (
			);
			name = NetTime;
			productName = NetTime;
			productReference = 7DCEA71AE80D99965EACB546 /* NetTime.framework */;
			productType = "com.apple.product-type.framework";
		};
		A1D05502BDB3BE7BC5F1B9E9 /* NetTimeTests */ = {
			isa = PBXNativeTarget;
			buildConfigurationList = 141FA59E7E4D4B240483BA17 /* Build configuration list for PBXNativeTarget "NetTimeTests" */;
			buildPhases = (
				4C247CD454701047F4D51878 /* Sources */,
				8639002DC0A121902DA1CB08 /* Frameworks */,
				3EA1F7AFE586851949582B69 /* Embed Frameworks */,
			);
			buildRules = (
			);
			dependencies = (
				5270CD6C65DA6ED87810F4B6 /* PBXTargetDependency */,
			);
			name = NetTimeTests;
			productName = NetTimeTests;
			productReference = 08D03D9D5737FA7C63FFED7B /* NetTimeTests.xctest */;
			productType = "com.apple.product-type.bundle.unit-test";
		};
/* End PBXNativeTarget section */

/* Begin PBXProject section */
		FEBC145BC96DDE9D926EE93A /* Project object */ = {
			isa = PBXProject;
			attributes = {
				LastUpgradeCheck = 1020;
			};
			buildConfigurationList = E5F91EDD59DA8B1979F60F3F /* Build configuration list for PBXProject "NetTime" */;
			compatibilityVersion = "Xcode 10.0";
			developmentRegion = en;
			hasScannedForEncodings = 0;
			knownRegions = (
				Base,
				en,
			);
			mainGroup = C190CCAA7C4C6623A2E22114;
			projectDirPath = "";
			projectRoot = "";
			targets = (
				61771B2272A3A6E32B3FDD27 /* NetTime */,
				A1D05502BDB3BE7BC5F1B9E9 /* NetTimeTests */,
			);
		};
/* End PBXProject section */

/* Begin PBXSourcesBuildPhase section */
		0CE76F98B024C2D0887F3B4F /* Sources */ = {
			isa = PBXSourcesBuildPhase;
			buildActionMask = 2147483647;
			files = (
				8247E2C8ECB85072DF317ACF /* DateTime.swift in Sources */,
				46F2E2CF9994A1C9E5D94D7F /* DateTimeRepresentable.swift in Sources */,
				6BA91080EF06B3820B0AA467 /* LocalDate.swift in Sources */,
				93DAE42F4C8B38AF091873EA /* LocalDateTime.swift in Sources */,
				B022547B10F72971834E5E73 /* LocalTime.swift in Sources */,
				935C5EA5738E6241AB27B33F /* TimeOffset.swift in Sources */,
				A0671CBCF20D4170D5003AC5 /* constants.swift in Sources */,
			);
			runOnlyForDeploymentPostprocessing = 0;
		};
		4C247CD454701047F4D51878 /* Sources */ = {
			isa = PBXSourcesBuildPhase;
			buildActionMask = 2147483647;
			files = (
				03D1F536C9FBF9D91652EE9A /* DateTimeTests.swift in Sources */,
				1DB4D208B8A2AEABEBB4F024 /* LocalDateTests.swift in Sources */,
				C20A5D7A9976709CE07C4260 /* LocalDateTimeTests.swift in Sources */,
				90B5748050E1A8A287530A7A /* LocalTimeTests.swift in Sources */,
				C72DEE2AD0BEE1BA5EFECE90 /* TimeOffsetTests.swift in Sources */,
				C2CC7AD88325073ECD6C83A9 /* XCTestManifests.swift in Sources */,
			);
			runOnlyForDeploymentPostprocessing = 0;
		};
/* End PBXSourcesBuildPhase section */

/* Begin PBXTargetDependency section */
		5270CD6C65DA6ED87810F4B6 /* PBXTargetDependency */ = {
			isa = PBXTargetDependency;
			target = 61771B2272A3A6E32B3FDD27 /* NetTime */;
			targetProxy = 1203A929F61FEB1932E47EE9 /* PBXContainerItemProxy */;
		};
/* End PBXTargetDependency section */

/* Begin XCBuildConfiguration section */
		0BD99EE337CE2DABA0C964D1 /* Release */ = {
			isa = XCBuildConfiguration;
			buildSettings = {
				SDKROOT = macosx;
			};
			name = Release;
		};
		1F11A15D19DBE2ABB3D06660 /* Debug */ = {
			isa = XCBuildConfiguration;
			baseConfigurationReference = E8DF644DAED5BEDC68FA160E /* UniversalFramework_Test.xcconfig */;
			buildSettings = {
			};
			name = Debug;
		};
		274E284ABBE1BC03241396BE /* Debug */ = {
			isa = XCBuildConfiguration;
			baseConfigurationReference = 618401553AD5DAFDC2A5BB76 /* NetTime_Debug.xcconfig */;
			buildSettings = {
				INFOPLIST_FILE = Resources/Info.plist;
			};
			name = Debug;
		};
		7FF8B340572E90E1403990FA /* Release */ = {
			isa = XCBuildConfiguration;
			baseConfigurationReference = E8DF644DAED5BEDC68FA160E /* UniversalFramework_Test.xcconfig */;
			buildSettings = {
			};
			name = Release;
		};
		9E90814E57991FE64DE0516B /* Release */ = {
			isa = XCBuildConfiguration;
			baseConfigurationReference = 479F226F01106ECC54C1DC45 /* NetTime_Release.xcconfig */;
			buildSettings = {
				INFOPLIST_FILE = Resources/Info.plist;
			};
			name = Release;
		};
		ECD0A5955D2DBB390BEA7F98 /* Debug */ = {
			isa = XCBuildConfiguration;
			buildSettings = {
				SDKROOT = macosx;
			};
			name = Debug;
		};
/* End XCBuildConfiguration section */

/* Begin XCConfigurationList section */
		094FC29346B1B9E60B70EBB5 /* Build configuration list for PBXNativeTarget "NetTime" */ = {
			isa = XCConfigurationList;
			buildConfigurations = (
				274E284ABBE1BC03241396BE /* Debug */,
				9E90814E57991FE64DE0516B /* Release */,
			);
			defaultConfigurationIsVisible = 0;
			defaultConfigurationName = "";
		};
		141FA59E7E4D4B240483BA17 /* Build configuration list for PBXNativeTarget "NetTimeTests" */ = {
			isa = XCConfigurationList;
			buildConfigurations = (
				1F11A15D19DBE2ABB3D06660 /* Debug */,
				7FF8B340572E90E1403990FA /* Release */,
			);
			defaultConfigurationIsVisible = 0;
			defaultConfigurationName = "";
		};
		E5F91EDD59DA8B1979F60F3F /* Build configuration list for PBXProject "NetTime" */ = {
			isa = XCConfigurationList;
			buildConfigurations = (
				ECD0A5955D2DBB390BEA7F98 /* Debug */,
				0BD99EE337CE2DABA0C964D1 /* Release */,
			);
			defaultConfigurationIsVisible = 0;
			defaultConfigurationName = Debug;
		};
/* End XCConfigurationList section */
	};
	rootObject = FEBC145BC96DDE9D926EE93A /* Project object */;
}
